// !$*UTF8*$!
{
	archiveVersion = 1;
	classes = {
	};
	objectVersion = 50;
	objects = {

/* Begin PBXBuildFile section */
		ABA2BA272411ACDA001AA0E9 /* AppDelegate.swift in Sources */ = {isa = PBXBuildFile; fileRef = ABA2BA262411ACDA001AA0E9 /* AppDelegate.swift */; };
		ABA2BA292411ACDA001AA0E9 /* SceneDelegate.swift in Sources */ = {isa = PBXBuildFile; fileRef = ABA2BA282411ACDA001AA0E9 /* SceneDelegate.swift */; };
		ABA2BA2B2411ACDA001AA0E9 /* IntroductionViewController.swift in Sources */ = {isa = PBXBuildFile; fileRef = ABA2BA2A2411ACDA001AA0E9 /* IntroductionViewController.swift */; };
		ABA2BA2E2411ACDA001AA0E9 /* Main.storyboard in Resources */ = {isa = PBXBuildFile; fileRef = ABA2BA2C2411ACDA001AA0E9 /* Main.storyboard */; };
		ABA2BA302411ACDC001AA0E9 /* Assets.xcassets in Resources */ = {isa = PBXBuildFile; fileRef = ABA2BA2F2411ACDC001AA0E9 /* Assets.xcassets */; };
		ABA2BA332411ACDC001AA0E9 /* LaunchScreen.storyboard in Resources */ = {isa = PBXBuildFile; fileRef = ABA2BA312411ACDC001AA0E9 /* LaunchScreen.storyboard */; };
		ABA2BA3B2411D305001AA0E9 /* QuestionViewController.swift in Sources */ = {isa = PBXBuildFile; fileRef = ABA2BA3A2411D305001AA0E9 /* QuestionViewController.swift */; };
		ABA2BA3D2411D357001AA0E9 /* ResultsViewController.swift in Sources */ = {isa = PBXBuildFile; fileRef = ABA2BA3C2411D357001AA0E9 /* ResultsViewController.swift */; };
		ABA2BA3F2412006A001AA0E9 /* QuestionData.swift in Sources */ = {isa = PBXBuildFile; fileRef = ABA2BA3E2412006A001AA0E9 /* QuestionData.swift */; };
/* End PBXBuildFile section */

/* Begin PBXFileReference section */
		ABA2BA232411ACDA001AA0E9 /* PersonalityQuiz.app */ = {isa = PBXFileReference; explicitFileType = wrapper.application; includeInIndex = 0; path = PersonalityQuiz.app; sourceTree = BUILT_PRODUCTS_DIR; };
		ABA2BA262411ACDA001AA0E9 /* AppDelegate.swift */ = {isa = PBXFileReference; lastKnownFileType = sourcecode.swift; path = AppDelegate.swift; sourceTree = "<group>"; };
		ABA2BA282411ACDA001AA0E9 /* SceneDelegate.swift */ = {isa = PBXFileReference; lastKnownFileType = sourcecode.swift; path = SceneDelegate.swift; sourceTree = "<group>"; };
		ABA2BA2A2411ACDA001AA0E9 /* IntroductionViewController.swift */ = {isa = PBXFileReference; lastKnownFileType = sourcecode.swift; path = IntroductionViewController.swift; sourceTree = "<group>"; };
		ABA2BA2D2411ACDA001AA0E9 /* Base */ = {isa = PBXFileReference; lastKnownFileType = file.storyboard; name = Base; path = Base.lproj/Main.storyboard; sourceTree = "<group>"; };
		ABA2BA2F2411ACDC001AA0E9 /* Assets.xcassets */ = {isa = PBXFileReference; lastKnownFileType = folder.assetcatalog; path = Assets.xcassets; sourceTree = "<group>"; };
		ABA2BA322411ACDC001AA0E9 /* Base */ = {isa = PBXFileReference; lastKnownFileType = file.storyboard; name = Base; path = Base.lproj/LaunchScreen.storyboard; sourceTree = "<group>"; };
		ABA2BA342411ACDC001AA0E9 /* Info.plist */ = {isa = PBXFileReference; lastKnownFileType = text.plist.xml; path = Info.plist; sourceTree = "<group>"; };
		ABA2BA3A2411D305001AA0E9 /* QuestionViewController.swift */ = {isa = PBXFileReference; lastKnownFileType = sourcecode.swift; path = QuestionViewController.swift; sourceTree = "<group>"; };
		ABA2BA3C2411D357001AA0E9 /* ResultsViewController.swift */ = {isa = PBXFileReference; lastKnownFileType = sourcecode.swift; path = ResultsViewController.swift; sourceTree = "<group>"; };
		ABA2BA3E2412006A001AA0E9 /* QuestionData.swift */ = {isa = PBXFileReference; lastKnownFileType = sourcecode.swift; path = QuestionData.swift; sourceTree = "<group>"; };
/* End PBXFileReference section */

/* Begin PBXFrameworksBuildPhase section */
		ABA2BA202411ACDA001AA0E9 /* Frameworks */ = {
			isa = PBXFrameworksBuildPhase;
			buildActionMask = 2147483647;
			files = (
			);
			runOnlyForDeploymentPostprocessing = 0;
		};
/* End PBXFrameworksBuildPhase section */

/* Begin PBXGroup section */
		ABA2BA1A2411ACDA001AA0E9 = {
			isa = PBXGroup;
			children = (
				ABA2BA252411ACDA001AA0E9 /* PersonalityQuiz */,
				ABA2BA242411ACDA001AA0E9 /* Products */,
			);
			sourceTree = "<group>";
		};
		ABA2BA242411ACDA001AA0E9 /* Products */ = {
			isa = PBXGroup;
			children = (
				ABA2BA232411ACDA001AA0E9 /* PersonalityQuiz.app */,
			);
			name = Products;
			sourceTree = "<group>";
		};
		ABA2BA252411ACDA001AA0E9 /* PersonalityQuiz */ = {
			isa = PBXGroup;
			children = (
				ABA2BA262411ACDA001AA0E9 /* AppDelegate.swift */,
				ABA2BA282411ACDA001AA0E9 /* SceneDelegate.swift */,
				ABA2BA2A2411ACDA001AA0E9 /* IntroductionViewController.swift */,
				ABA2BA2C2411ACDA001AA0E9 /* Main.storyboard */,
				ABA2BA3E2412006A001AA0E9 /* QuestionData.swift */,
				ABA2BA3A2411D305001AA0E9 /* QuestionViewController.swift */,
				ABA2BA3C2411D357001AA0E9 /* ResultsViewController.swift */,
				ABA2BA2F2411ACDC001AA0E9 /* Assets.xcassets */,
				ABA2BA312411ACDC001AA0E9 /* LaunchScreen.storyboard */,
				ABA2BA342411ACDC001AA0E9 /* Info.plist */,
			);
			path = PersonalityQuiz;
			sourceTree = "<group>";
		};
/* End PBXGroup section */

/* Begin PBXNativeTarget section */
		ABA2BA222411ACDA001AA0E9 /* PersonalityQuiz */ = {
			isa = PBXNativeTarget;
			buildConfigurationList = ABA2BA372411ACDC001AA0E9 /* Build configuration list for PBXNativeTarget "PersonalityQuiz" */;
			buildPhases = (
				ABA2BA1F2411ACDA001AA0E9 /* Sources */,
				ABA2BA202411ACDA001AA0E9 /* Frameworks */,
				ABA2BA212411ACDA001AA0E9 /* Resources */,
			);
			buildRules = (
			);
			dependencies = (
			);
			name = PersonalityQuiz;
			productName = PersonalityQuiz;
			productReference = ABA2BA232411ACDA001AA0E9 /* PersonalityQuiz.app */;
			productType = "com.apple.product-type.application";
		};
/* End PBXNativeTarget section */

/* Begin PBXProject section */
		ABA2BA1B2411ACDA001AA0E9 /* Project object */ = {
			isa = PBXProject;
			attributes = {
				LastSwiftUpdateCheck = 1130;
				LastUpgradeCheck = 1130;
				ORGANIZATIONNAME = Dearest;
				TargetAttributes = {
					ABA2BA222411ACDA001AA0E9 = {
						CreatedOnToolsVersion = 11.3.1;
					};
				};
			};
			buildConfigurationList = ABA2BA1E2411ACDA001AA0E9 /* Build configuration list for PBXProject "PersonalityQuiz" */;
			compatibilityVersion = "Xcode 9.3";
			developmentRegion = en;
			hasScannedForEncodings = 0;
			knownRegions = (
				en,
				Base,
			);
			mainGroup = ABA2BA1A2411ACDA001AA0E9;
			productRefGroup = ABA2BA242411ACDA001AA0E9 /* Products */;
			projectDirPath = "";
			projectRoot = "";
			targets = (
				ABA2BA222411ACDA001AA0E9 /* PersonalityQuiz */,
			);
		};
/* End PBXProject section */

/* Begin PBXResourcesBuildPhase section */
		ABA2BA212411ACDA001AA0E9 /* Resources */ = {
			isa = PBXResourcesBuildPhase;
			buildActionMask = 2147483647;
			files = (
				ABA2BA332411ACDC001AA0E9 /* LaunchScreen.storyboard in Resources */,
				ABA2BA302411ACDC001AA0E9 /* Assets.xcassets in Resources */,
				ABA2BA2E2411ACDA001AA0E9 /* Main.storyboard in Resources */,
			);
			runOnlyForDeploymentPostprocessing = 0;
		};
/* End PBXResourcesBuildPhase section */

/* Begin PBXSourcesBuildPhase section */
		ABA2BA1F2411ACDA001AA0E9 /* Sources */ = {
			isa = PBXSourcesBuildPhase;
			buildActionMask = 2147483647;
			files = (
				ABA2BA2B2411ACDA001AA0E9 /* IntroductionViewController.swift in Sources */,
				ABA2BA272411ACDA001AA0E9 /* AppDelegate.swift in Sources */,
				ABA2BA3B2411D305001AA0E9 /* QuestionViewController.swift in Sources */,
				ABA2BA3F2412006A001AA0E9 /* QuestionData.swift in Sources */,
				ABA2BA3D2411D357001AA0E9 /* ResultsViewController.swift in Sources */,
				ABA2BA292411ACDA001AA0E9 /* SceneDelegate.swift in Sources */,
			);
			runOnlyForDeploymentPostprocessing = 0;
		};
/* End PBXSourcesBuildPhase section */

/* Begin PBXVariantGroup section */
		ABA2BA2C2411ACDA001AA0E9 /* Main.storyboard */ = {
			isa = PBXVariantGroup;
			children = (
				ABA2BA2D2411ACDA001AA0E9 /* Base */,
			);
			name = Main.storyboard;
			sourceTree = "<group>";
		};
		ABA2BA312411ACDC001AA0E9 /* LaunchScreen.storyboard */ = {
			isa = PBXVariantGroup;
			children = (
				ABA2BA322411ACDC001AA0E9 /* Base */,
			);
			name = LaunchScreen.storyboard;
			sourceTree = "<group>";
		};
/* End PBXVariantGroup section */

/* Begin XCBuildConfiguration section */
		ABA2BA352411ACDC001AA0E9 /* Debug */ = {
			isa = XCBuildConfiguration;
			buildSettings = {
				ALWAYS_SEARCH_USER_PATHS = NO;
				CLANG_ANALYZER_NONNULL = YES;
				CLANG_ANALYZER_NUMBER_OBJECT_CONVERSION = YES_AGGRESSIVE;
				CLANG_CXX_LANGUAGE_STANDARD = "gnu++14";
				CLANG_CXX_LIBRARY = "libc++";
				CLANG_ENABLE_MODULES = YES;
				CLANG_ENABLE_OBJC_ARC = YES;
				CLANG_ENABLE_OBJC_WEAK = YES;
				CLANG_WARN_BLOCK_CAPTURE_AUTORELEASING = YES;
				CLANG_WARN_BOOL_CONVERSION = YES;
				CLANG_WARN_COMMA = YES;
				CLANG_WARN_CONSTANT_CONVERSION = YES;
				CLANG_WARN_DEPRECATED_OBJC_IMPLEMENTATIONS = YES;
				CLANG_WARN_DIRECT_OBJC_ISA_USAGE = YES_ERROR;
				CLANG_WARN_DOCUMENTATION_COMMENTS = YES;
				CLANG_WARN_EMPTY_BODY = YES;
				CLANG_WARN_ENUM_CONVERSION = YES;
				CLANG_WARN_INFINITE_RECURSION = YES;
				CLANG_WARN_INT_CONVERSION = YES;
				CLANG_WARN_NON_LITERAL_NULL_CONVERSION = YES;
				CLANG_WARN_OBJC_IMPLICIT_RETAIN_SELF = YES;
				CLANG_WARN_OBJC_LITERAL_CONVERSION = YES;
				CLANG_WARN_OBJC_ROOT_CLASS = YES_ERROR;
				CLANG_WARN_RANGE_LOOP_ANALYSIS = YES;
				CLANG_WARN_STRICT_PROTOTYPES = YES;
				CLANG_WARN_SUSPICIOUS_MOVE = YES;
				CLANG_WARN_UNGUARDED_AVAILABILITY = YES_AGGRESSIVE;
				CLANG_WARN_UNREACHABLE_CODE = YES;
				CLANG_WARN__DUPLICATE_METHOD_MATCH = YES;
				COPY_PHASE_STRIP = NO;
				DEBUG_INFORMATION_FORMAT = dwarf;
				ENABLE_STRICT_OBJC_MSGSEND = YES;
				ENABLE_TESTABILITY = YES;
				GCC_C_LANGUAGE_STANDARD = gnu11;
				GCC_DYNAMIC_NO_PIC = NO;
				GCC_NO_COMMON_BLOCKS = YES;
				GCC_OPTIMIZATION_LEVEL = 0;
				GCC_PREPROCESSOR_DEFINITIONS = (
					"DEBUG=1",
					"$(inherited)",
				);
				GCC_WARN_64_TO_32_BIT_CONVERSION = YES;
				GCC_WARN_ABOUT_RETURN_TYPE = YES_ERROR;
				GCC_WARN_UNDECLARED_SELECTOR = YES;
				GCC_WARN_UNINITIALIZED_AUTOS = YES_AGGRESSIVE;
				GCC_WARN_UNUSED_FUNCTION = YES;
				GCC_WARN_UNUSED_VARIABLE = YES;
				IPHONEOS_DEPLOYMENT_TARGET = 13.2;
				MTL_ENABLE_DEBUG_INFO = INCLUDE_SOURCE;
				MTL_FAST_MATH = YES;
				ONLY_ACTIVE_ARCH = YES;
				SDKROOT = iphoneos;
				SWIFT_ACTIVE_COMPILATION_CONDITIONS = DEBUG;
				SWIFT_OPTIMIZATION_LEVEL = "-Onone";
			};
			name = Debug;
		};
		ABA2BA362411ACDC001AA0E9 /* Release */ = {
			isa = XCBuildConfiguration;
			buildSettings = {
				ALWAYS_SEARCH_USER_PATHS = NO;
				CLANG_ANALYZER_NONNULL = YES;
				CLANG_ANALYZER_NUMBER_OBJECT_CONVERSION = YES_AGGRESSIVE;
				CLANG_CXX_LANGUAGE_STANDARD = "gnu++14";
				CLANG_CXX_LIBRARY = "libc++";
				CLANG_ENABLE_MODULES = YES;
				CLANG_ENABLE_OBJC_ARC = YES;
				CLANG_ENABLE_OBJC_WEAK = YES;
				CLANG_WARN_BLOCK_CAPTURE_AUTORELEASING = YES;
				CLANG_WARN_BOOL_CONVERSION = YES;
				CLANG_WARN_COMMA = YES;
				CLANG_WARN_CONSTANT_CONVERSION = YES;
				CLANG_WARN_DEPRECATED_OBJC_IMPLEMENTATIONS = YES;
				CLANG_WARN_DIRECT_OBJC_ISA_USAGE = YES_ERROR;
				CLANG_WARN_DOCUMENTATION_COMMENTS = YES;
				CLANG_WARN_EMPTY_BODY = YES;
				CLANG_WARN_ENUM_CONVERSION = YES;
				CLANG_WARN_INFINITE_RECURSION = YES;
				CLANG_WARN_INT_CONVERSION = YES;
				CLANG_WARN_NON_LITERAL_NULL_CONVERSION = YES;
				CLANG_WARN_OBJC_IMPLICIT_RETAIN_SELF = YES;
				CLANG_WARN_OBJC_LITERAL_CONVERSION = YES;
				CLANG_WARN_OBJC_ROOT_CLASS = YES_ERROR;
				CLANG_WARN_RANGE_LOOP_ANALYSIS = YES;
				CLANG_WARN_STRICT_PROTOTYPES = YES;
				CLANG_WARN_SUSPICIOUS_MOVE = YES;
				CLANG_WARN_UNGUARDED_AVAILABILITY = YES_AGGRESSIVE;
				CLANG_WARN_UNREACHABLE_CODE = YES;
				CLANG_WARN__DUPLICATE_METHOD_MATCH = YES;
				COPY_PHASE_STRIP = NO;
				DEBUG_INFORMATION_FORMAT = "dwarf-with-dsym";
				ENABLE_NS_ASSERTIONS = NO;
				ENABLE_STRICT_OBJC_MSGSEND = YES;
				GCC_C_LANGUAGE_STANDARD = gnu11;
				GCC_NO_COMMON_BLOCKS = YES;
				GCC_WARN_64_TO_32_BIT_CONVERSION = YES;
				GCC_WARN_ABOUT_RETURN_TYPE = YES_ERROR;
				GCC_WARN_UNDECLARED_SELECTOR = YES;
				GCC_WARN_UNINITIALIZED_AUTOS = YES_AGGRESSIVE;
				GCC_WARN_UNUSED_FUNCTION = YES;
				GCC_WARN_UNUSED_VARIABLE = YES;
				IPHONEOS_DEPLOYMENT_TARGET = 13.2;
				MTL_ENABLE_DEBUG_INFO = NO;
				MTL_FAST_MATH = YES;
				SDKROOT = iphoneos;
				SWIFT_COMPILATION_MODE = wholemodule;
				SWIFT_OPTIMIZATION_LEVEL = "-O";
				VALIDATE_PRODUCT = YES;
			};
			name = Release;
		};
		ABA2BA382411ACDC001AA0E9 /* Debug */ = {
			isa = XCBuildConfiguration;
			buildSettings = {
				ASSETCATALOG_COMPILER_APPICON_NAME = AppIcon;
				CODE_SIGN_STYLE = Automatic;
				DEVELOPMENT_TEAM = Q9J2F4XSDP;
				INFOPLIST_FILE = PersonalityQuiz/Info.plist;
				LD_RUNPATH_SEARCH_PATHS = (
					"$(inherited)",
					"@executable_path/Frameworks",
				);
				PRODUCT_BUNDLE_IDENTIFIER = "com.app-development-with-swift.PersonalityQuiz";
				PRODUCT_NAME = "$(TARGET_NAME)";
				SWIFT_VERSION = 5.0;
				TARGETED_DEVICE_FAMILY = "1,2";
			};
			name = Debug;
		};
		ABA2BA392411ACDC001AA0E9 /* Release */ = {
			isa = XCBuildConfiguration;
			buildSettings = {
				ASSETCATALOG_COMPILER_APPICON_NAME = AppIcon;
				CODE_SIGN_STYLE = Automatic;
				DEVELOPMENT_TEAM = Q9J2F4XSDP;
				INFOPLIST_FILE = PersonalityQuiz/Info.plist;
				LD_RUNPATH_SEARCH_PATHS = (
					"$(inherited)",
					"@executable_path/Frameworks",
				);
				PRODUCT_BUNDLE_IDENTIFIER = "com.app-development-with-swift.PersonalityQuiz";
				PRODUCT_NAME = "$(TARGET_NAME)";
				SWIFT_VERSION = 5.0;
				TARGETED_DEVICE_FAMILY = "1,2";
			};
			name = Release;
		};
/* End XCBuildConfiguration section */

/* Begin XCConfigurationList section */
		ABA2BA1E2411ACDA001AA0E9 /* Build configuration list for PBXProject "PersonalityQuiz" */ = {
			isa = XCConfigurationList;
			buildConfigurations = (
				ABA2BA352411ACDC001AA0E9 /* Debug */,
				ABA2BA362411ACDC001AA0E9 /* Release */,
			);
			defaultConfigurationIsVisible = 0;
			defaultConfigurationName = Release;
		};
		ABA2BA372411ACDC001AA0E9 /* Build configuration list for PBXNativeTarget "PersonalityQuiz" */ = {
			isa = XCConfigurationList;
			buildConfigurations = (
				ABA2BA382411ACDC001AA0E9 /* Debug */,
				ABA2BA392411ACDC001AA0E9 /* Release */,
			);
			defaultConfigurationIsVisible = 0;
			defaultConfigurationName = Release;
		};
/* End XCConfigurationList section */
	};
	rootObject = ABA2BA1B2411ACDA001AA0E9 /* Project object */;
}
